{
  "version": 4,
  "terraform_version": "1.6.4",
  "serial": 184,
  "lineage": "b9c387b3-aec2-35cf-39ea-a110a21656b4",
  "outputs": {},
  "resources": [
    {
      "mode": "managed",
      "type": "aws_instance",
      "name": "ec2-tf",
      "provider": "provider[\"registry.terraform.io/hashicorp/aws\"]",
      "instances": [
        {
          "index_key": "subnet-1",
          "schema_version": 1,
          "attributes": {
            "ami": "ami-0287a05f0ef0e9d9a",
            "arn": "arn:aws:ec2:ap-south-1:391964367856:instance/i-0eb80868a99abe741",
            "associate_public_ip_address": true,
            "availability_zone": "ap-south-1a",
            "capacity_reservation_specification": [
              {
                "capacity_reservation_preference": "open",
                "capacity_reservation_target": []
              }
            ],
            "cpu_core_count": 1,
            "cpu_options": [
              {
                "amd_sev_snp": "",
                "core_count": 1,
                "threads_per_core": 1
              }
            ],
            "cpu_threads_per_core": 1,
            "credit_specification": [
              {
                "cpu_credits": "standard"
              }
            ],
            "disable_api_stop": false,
            "disable_api_termination": false,
            "ebs_block_device": [],
            "ebs_optimized": false,
            "enclave_options": [
              {
                "enabled": false
              }
            ],
            "ephemeral_block_device": [],
            "get_password_data": false,
            "hibernation": false,
            "host_id": "",
            "host_resource_group_arn": null,
            "iam_instance_profile": "",
            "id": "i-0eb80868a99abe741",
            "instance_initiated_shutdown_behavior": "stop",
            "instance_lifecycle": "",
            "instance_market_options": [],
            "instance_state": "running",
            "instance_type": "t2.micro",
            "ipv6_address_count": 0,
            "ipv6_addresses": [],
            "key_name": "gowda",
            "launch_template": [],
            "maintenance_options": [
              {
                "auto_recovery": "default"
              }
            ],
            "metadata_options": [
              {
                "http_endpoint": "enabled",
                "http_protocol_ipv6": "disabled",
                "http_put_response_hop_limit": 1,
                "http_tokens": "optional",
                "instance_metadata_tags": "disabled"
              }
            ],
            "monitoring": false,
            "network_interface": [],
            "outpost_arn": "",
            "password_data": "",
            "placement_group": "",
            "placement_partition_number": 0,
            "primary_network_interface_id": "eni-0cade06a1e98f0c69",
            "private_dns": "ip-10-0-1-69.ap-south-1.compute.internal",
            "private_dns_name_options": [
              {
                "enable_resource_name_dns_a_record": false,
                "enable_resource_name_dns_aaaa_record": false,
                "hostname_type": "ip-name"
              }
            ],
            "private_ip": "10.0.1.69",
            "public_dns": "",
            "public_ip": "13.201.57.6",
            "root_block_device": [
              {
                "delete_on_termination": true,
                "device_name": "/dev/sda1",
                "encrypted": false,
                "iops": 100,
                "kms_key_id": "",
                "tags": {},
                "throughput": 0,
                "volume_id": "vol-00dd874db7a52b1bf",
                "volume_size": 8,
                "volume_type": "gp2"
              }
            ],
            "secondary_private_ips": [],
            "security_groups": [],
            "source_dest_check": true,
            "spot_instance_request_id": "",
            "subnet_id": "subnet-07619f5b833e12427",
            "tags": null,
            "tags_all": {},
            "tenancy": "default",
            "timeouts": null,
            "user_data": null,
            "user_data_base64": null,
            "user_data_replace_on_change": false,
            "volume_tags": null,
            "vpc_security_group_ids": [
              "sg-0e675f9df4471e468"
            ]
          },
          "sensitive_attributes": [],
          "private": "eyJlMmJmYjczMC1lY2FhLTExZTYtOGY4OC0zNDM2M2JjN2M0YzAiOnsiY3JlYXRlIjo2MDAwMDAwMDAwMDAsImRlbGV0ZSI6MTIwMDAwMDAwMDAwMCwidXBkYXRlIjo2MDAwMDAwMDAwMDB9LCJzY2hlbWFfdmVyc2lvbiI6IjEifQ==",
          "dependencies": [
            "aws_security_group.sg-tf",
            "aws_subnet.subnet-tf",
            "aws_vpc.vpc-tf"
          ]
        },
        {
          "index_key": "subnet-2",
          "schema_version": 1,
          "attributes": {
            "ami": "ami-0287a05f0ef0e9d9a",
            "arn": "arn:aws:ec2:ap-south-1:391964367856:instance/i-07551f999bf908a71",
            "associate_public_ip_address": true,
            "availability_zone": "ap-south-1b",
            "capacity_reservation_specification": [
              {
                "capacity_reservation_preference": "open",
                "capacity_reservation_target": []
              }
            ],
            "cpu_core_count": 1,
            "cpu_options": [
              {
                "amd_sev_snp": "",
                "core_count": 1,
                "threads_per_core": 1
              }
            ],
            "cpu_threads_per_core": 1,
            "credit_specification": [
              {
                "cpu_credits": "standard"
              }
            ],
            "disable_api_stop": false,
            "disable_api_termination": false,
            "ebs_block_device": [],
            "ebs_optimized": false,
            "enclave_options": [
              {
                "enabled": false
              }
            ],
            "ephemeral_block_device": [],
            "get_password_data": false,
            "hibernation": false,
            "host_id": "",
            "host_resource_group_arn": null,
            "iam_instance_profile": "",
            "id": "i-07551f999bf908a71",
            "instance_initiated_shutdown_behavior": "stop",
            "instance_lifecycle": "",
            "instance_market_options": [],
            "instance_state": "running",
            "instance_type": "t2.micro",
            "ipv6_address_count": 0,
            "ipv6_addresses": [],
            "key_name": "gowda",
            "launch_template": [],
            "maintenance_options": [
              {
                "auto_recovery": "default"
              }
            ],
            "metadata_options": [
              {
                "http_endpoint": "enabled",
                "http_protocol_ipv6": "disabled",
                "http_put_response_hop_limit": 1,
                "http_tokens": "optional",
                "instance_metadata_tags": "disabled"
              }
            ],
            "monitoring": false,
            "network_interface": [],
            "outpost_arn": "",
            "password_data": "",
            "placement_group": "",
            "placement_partition_number": 0,
            "primary_network_interface_id": "eni-01b1c4674667142ce",
            "private_dns": "ip-10-0-2-64.ap-south-1.compute.internal",
            "private_dns_name_options": [
              {
                "enable_resource_name_dns_a_record": false,
                "enable_resource_name_dns_aaaa_record": false,
                "hostname_type": "ip-name"
              }
            ],
            "private_ip": "10.0.2.64",
            "public_dns": "",
            "public_ip": "65.2.79.36",
            "root_block_device": [
              {
                "delete_on_termination": true,
                "device_name": "/dev/sda1",
                "encrypted": false,
                "iops": 100,
                "kms_key_id": "",
                "tags": {},
                "throughput": 0,
                "volume_id": "vol-01ccab4f91c17e2cc",
                "volume_size": 8,
                "volume_type": "gp2"
              }
            ],
            "secondary_private_ips": [],
            "security_groups": [],
            "source_dest_check": true,
            "spot_instance_request_id": "",
            "subnet_id": "subnet-06eb4369618b28fda",
            "tags": null,
            "tags_all": {},
            "tenancy": "default",
            "timeouts": null,
            "user_data": null,
            "user_data_base64": null,
            "user_data_replace_on_change": false,
            "volume_tags": null,
            "vpc_security_group_ids": [
              "sg-0e675f9df4471e468"
            ]
          },
          "sensitive_attributes": [],
          "private": "eyJlMmJmYjczMC1lY2FhLTExZTYtOGY4OC0zNDM2M2JjN2M0YzAiOnsiY3JlYXRlIjo2MDAwMDAwMDAwMDAsImRlbGV0ZSI6MTIwMDAwMDAwMDAwMCwidXBkYXRlIjo2MDAwMDAwMDAwMDB9LCJzY2hlbWFfdmVyc2lvbiI6IjEifQ==",
          "dependencies": [
            "aws_security_group.sg-tf",
            "aws_subnet.subnet-tf",
            "aws_vpc.vpc-tf"
          ]
        }
      ]
    },
    {
      "mode": "managed",
      "type": "aws_internet_gateway",
      "name": "igw-tf",
      "provider": "provider[\"registry.terraform.io/hashicorp/aws\"]",
      "instances": [
        {
          "schema_version": 0,
          "attributes": {
            "arn": "arn:aws:ec2:ap-south-1:391964367856:internet-gateway/igw-0ef26b0d8b57c7b02",
            "id": "igw-0ef26b0d8b57c7b02",
            "owner_id": "391964367856",
            "tags": {
              "Name": "igw-tf"
            },
            "tags_all": {
              "Name": "igw-tf"
            },
            "timeouts": null,
            "vpc_id": "vpc-072e024cc70863722"
          },
          "sensitive_attributes": [],
          "private": "eyJlMmJmYjczMC1lY2FhLTExZTYtOGY4OC0zNDM2M2JjN2M0YzAiOnsiY3JlYXRlIjoxMjAwMDAwMDAwMDAwLCJkZWxldGUiOjEyMDAwMDAwMDAwMDAsInVwZGF0ZSI6MTIwMDAwMDAwMDAwMH19",
          "dependencies": [
            "aws_vpc.vpc-tf"
          ]
        }
      ]
    },
    {
      "mode": "managed",
      "type": "aws_key_pair",
      "name": "my_key_pair",
      "provider": "provider[\"registry.terraform.io/hashicorp/aws\"]",
      "instances": [
        {
          "schema_version": 1,
          "attributes": {
            "arn": "arn:aws:ec2:ap-south-1:391964367856:key-pair/my-key-pair",
            "fingerprint": "c8:b2:e8:bf:ea:10:db:74:4d:c4:1a:14:41:45:da:c5",
            "id": "my-key-pair",
            "key_name": "my-key-pair",
            "key_name_prefix": "",
            "key_pair_id": "key-0b079b377de1e436e",
            "key_type": "rsa",
            "public_key": "ssh-rsa AAAAB3NzaC1yc2EAAAADAQABAAABAQDABn/n1N5k6wUThTetiQTnLV6X6SF0Y8EfsMYbbUxmeAZWNPX7cCrB9NXH2QBRBEVq45WKRxruKbod1D+wRgjoc58GE3CvJzrOwNZI6MkNV+sxi0o+goRWmYt9WG875jRz3PXBtDKk6EHya8wIcyGiYKMfejJZOnl1uAqqvkOFFqaGP/8vCBvQezI+M02MLEgYoXBfWGvRKNXh7q/DvobdCzm1knGbO4l0BLKkVAqsKfXqcYBIhscz10VzXAQ4/1TSadSwsUwCLcooLR57i+fS82RHsjc0YCO+48tMmNNBqZaE0z/sH/GmDJ27E5SZsUW+1kXH0NPrv83zOwb/Mpp5",
            "tags": null,
            "tags_all": {}
          },
          "sensitive_attributes": [],
          "private": "eyJzY2hlbWFfdmVyc2lvbiI6IjEifQ==",
          "dependencies": [
            "tls_private_key.my_key"
          ]
        }
      ]
    },
    {
      "mode": "managed",
      "type": "aws_route_table",
      "name": "pub-rt-tf",
      "provider": "provider[\"registry.terraform.io/hashicorp/aws\"]",
      "instances": [
        {
          "schema_version": 0,
          "attributes": {
            "arn": "arn:aws:ec2:ap-south-1:391964367856:route-table/rtb-0a46efe6ef3040200",
            "id": "rtb-0a46efe6ef3040200",
            "owner_id": "391964367856",
            "propagating_vgws": [],
            "route": [
              {
                "carrier_gateway_id": "",
                "cidr_block": "0.0.0.0/32",
                "core_network_arn": "",
                "destination_prefix_list_id": "",
                "egress_only_gateway_id": "",
                "gateway_id": "igw-0ef26b0d8b57c7b02",
                "ipv6_cidr_block": "",
                "local_gateway_id": "",
                "nat_gateway_id": "",
                "network_interface_id": "",
                "transit_gateway_id": "",
                "vpc_endpoint_id": "",
                "vpc_peering_connection_id": ""
              },
              {
                "carrier_gateway_id": "",
                "cidr_block": "10.0.0.0/16",
                "core_network_arn": "",
                "destination_prefix_list_id": "",
                "egress_only_gateway_id": "",
                "gateway_id": "local",
                "ipv6_cidr_block": "",
                "local_gateway_id": "",
                "nat_gateway_id": "",
                "network_interface_id": "",
                "transit_gateway_id": "",
                "vpc_endpoint_id": "",
                "vpc_peering_connection_id": ""
              }
            ],
            "tags": {
              "Name": "pub-rt-tf"
            },
            "tags_all": {
              "Name": "pub-rt-tf"
            },
            "timeouts": null,
            "vpc_id": "vpc-072e024cc70863722"
          },
          "sensitive_attributes": [],
          "private": "eyJlMmJmYjczMC1lY2FhLTExZTYtOGY4OC0zNDM2M2JjN2M0YzAiOnsiY3JlYXRlIjozMDAwMDAwMDAwMDAsImRlbGV0ZSI6MzAwMDAwMDAwMDAwLCJ1cGRhdGUiOjEyMDAwMDAwMDAwMH19",
          "dependencies": [
            "aws_internet_gateway.igw-tf",
            "aws_vpc.vpc-tf"
          ]
        }
      ]
    },
    {
      "mode": "managed",
      "type": "aws_route_table_association",
      "name": "rta-tf",
      "provider": "provider[\"registry.terraform.io/hashicorp/aws\"]",
      "instances": [
        {
          "index_key": "subnet-1",
          "schema_version": 0,
          "attributes": {
            "gateway_id": "",
            "id": "rtbassoc-0b73bd5f9f33be2da",
            "route_table_id": "rtb-0a46efe6ef3040200",
            "subnet_id": "subnet-07619f5b833e12427",
            "timeouts": null
          },
          "sensitive_attributes": [],
          "private": "eyJlMmJmYjczMC1lY2FhLTExZTYtOGY4OC0zNDM2M2JjN2M0YzAiOnsiY3JlYXRlIjozMDAwMDAwMDAwMDAsImRlbGV0ZSI6MzAwMDAwMDAwMDAwLCJ1cGRhdGUiOjEyMDAwMDAwMDAwMH19",
          "dependencies": [
            "aws_internet_gateway.igw-tf",
            "aws_route_table.pub-rt-tf",
            "aws_subnet.subnet-tf",
            "aws_vpc.vpc-tf"
          ]
        },
        {
          "index_key": "subnet-2",
          "schema_version": 0,
          "attributes": {
            "gateway_id": "",
            "id": "rtbassoc-028a45680f245fb1b",
            "route_table_id": "rtb-0a46efe6ef3040200",
            "subnet_id": "subnet-06eb4369618b28fda",
            "timeouts": null
          },
          "sensitive_attributes": [],
          "private": "eyJlMmJmYjczMC1lY2FhLTExZTYtOGY4OC0zNDM2M2JjN2M0YzAiOnsiY3JlYXRlIjozMDAwMDAwMDAwMDAsImRlbGV0ZSI6MzAwMDAwMDAwMDAwLCJ1cGRhdGUiOjEyMDAwMDAwMDAwMH19",
          "dependencies": [
            "aws_internet_gateway.igw-tf",
            "aws_route_table.pub-rt-tf",
            "aws_subnet.subnet-tf",
            "aws_vpc.vpc-tf"
          ]
        }
      ]
    },
    {
      "mode": "managed",
      "type": "aws_security_group",
      "name": "sg-tf",
      "provider": "provider[\"registry.terraform.io/hashicorp/aws\"]",
      "instances": [
        {
          "schema_version": 1,
          "attributes": {
            "arn": "arn:aws:ec2:ap-south-1:391964367856:security-group/sg-0e675f9df4471e468",
            "description": "Managed by Terraform",
            "egress": [
              {
                "cidr_blocks": [
                  "0.0.0.0/0"
                ],
                "description": "",
                "from_port": 0,
                "ipv6_cidr_blocks": [],
                "prefix_list_ids": [],
                "protocol": "-1",
                "security_groups": [],
                "self": false,
                "to_port": 0
              }
            ],
            "id": "sg-0e675f9df4471e468",
            "ingress": [
              {
                "cidr_blocks": [
                  "0.0.0.0/0"
                ],
                "description": "",
                "from_port": 22,
                "ipv6_cidr_blocks": [],
                "prefix_list_ids": [],
                "protocol": "tcp",
                "security_groups": [],
                "self": false,
                "to_port": 22
              },
              {
                "cidr_blocks": [
                  "0.0.0.0/0"
                ],
                "description": "",
                "from_port": 8080,
                "ipv6_cidr_blocks": [],
                "prefix_list_ids": [],
                "protocol": "tcp",
                "security_groups": [],
                "self": false,
                "to_port": 8080
              },
              {
                "cidr_blocks": [
                  "0.0.0.0/0"
                ],
                "description": "",
                "from_port": 80,
                "ipv6_cidr_blocks": [],
                "prefix_list_ids": [],
                "protocol": "tcp",
                "security_groups": [],
                "self": false,
                "to_port": 80
              }
            ],
            "name": "terraform-20231218121945426000000001",
            "name_prefix": "terraform-",
            "owner_id": "391964367856",
            "revoke_rules_on_delete": false,
            "tags": null,
            "tags_all": {},
            "timeouts": null,
            "vpc_id": "vpc-072e024cc70863722"
          },
          "sensitive_attributes": [],
          "private": "eyJlMmJmYjczMC1lY2FhLTExZTYtOGY4OC0zNDM2M2JjN2M0YzAiOnsiY3JlYXRlIjo2MDAwMDAwMDAwMDAsImRlbGV0ZSI6OTAwMDAwMDAwMDAwfSwic2NoZW1hX3ZlcnNpb24iOiIxIn0=",
          "dependencies": [
            "aws_vpc.vpc-tf"
          ]
        }
      ]
    },
    {
      "mode": "managed",
      "type": "aws_subnet",
      "name": "subnet-tf",
      "provider": "provider[\"registry.terraform.io/hashicorp/aws\"]",
      "instances": [
        {
          "index_key": "subnet-1",
          "schema_version": 1,
          "attributes": {
            "arn": "arn:aws:ec2:ap-south-1:391964367856:subnet/subnet-07619f5b833e12427",
            "assign_ipv6_address_on_creation": false,
            "availability_zone": "ap-south-1a",
            "availability_zone_id": "aps1-az1",
            "cidr_block": "10.0.1.0/24",
            "customer_owned_ipv4_pool": "",
            "enable_dns64": false,
            "enable_lni_at_device_index": 0,
            "enable_resource_name_dns_a_record_on_launch": false,
            "enable_resource_name_dns_aaaa_record_on_launch": false,
            "id": "subnet-07619f5b833e12427",
            "ipv6_cidr_block": "",
            "ipv6_cidr_block_association_id": "",
            "ipv6_native": false,
            "map_customer_owned_ip_on_launch": false,
            "map_public_ip_on_launch": false,
            "outpost_arn": "",
            "owner_id": "391964367856",
            "private_dns_hostname_type_on_launch": "ip-name",
            "tags": {
              "Name": "sagar-pub-subnet-tf"
            },
            "tags_all": {
              "Name": "sagar-pub-subnet-tf"
            },
            "timeouts": null,
            "vpc_id": "vpc-072e024cc70863722"
          },
          "sensitive_attributes": [],
          "private": "eyJlMmJmYjczMC1lY2FhLTExZTYtOGY4OC0zNDM2M2JjN2M0YzAiOnsiY3JlYXRlIjo2MDAwMDAwMDAwMDAsImRlbGV0ZSI6MTIwMDAwMDAwMDAwMH0sInNjaGVtYV92ZXJzaW9uIjoiMSJ9",
          "dependencies": [
            "aws_vpc.vpc-tf"
          ]
        },
        {
          "index_key": "subnet-2",
          "schema_version": 1,
          "attributes": {
            "arn": "arn:aws:ec2:ap-south-1:391964367856:subnet/subnet-06eb4369618b28fda",
            "assign_ipv6_address_on_creation": false,
            "availability_zone": "ap-south-1b",
            "availability_zone_id": "aps1-az3",
            "cidr_block": "10.0.2.0/24",
            "customer_owned_ipv4_pool": "",
            "enable_dns64": false,
            "enable_lni_at_device_index": 0,
            "enable_resource_name_dns_a_record_on_launch": false,
            "enable_resource_name_dns_aaaa_record_on_launch": false,
            "id": "subnet-06eb4369618b28fda",
            "ipv6_cidr_block": "",
            "ipv6_cidr_block_association_id": "",
            "ipv6_native": false,
            "map_customer_owned_ip_on_launch": false,
            "map_public_ip_on_launch": false,
            "outpost_arn": "",
            "owner_id": "391964367856",
            "private_dns_hostname_type_on_launch": "ip-name",
            "tags": {
              "Name": "sagar-private-subnet-tf"
            },
            "tags_all": {
              "Name": "sagar-private-subnet-tf"
            },
            "timeouts": null,
            "vpc_id": "vpc-072e024cc70863722"
          },
          "sensitive_attributes": [],
          "private": "eyJlMmJmYjczMC1lY2FhLTExZTYtOGY4OC0zNDM2M2JjN2M0YzAiOnsiY3JlYXRlIjo2MDAwMDAwMDAwMDAsImRlbGV0ZSI6MTIwMDAwMDAwMDAwMH0sInNjaGVtYV92ZXJzaW9uIjoiMSJ9",
          "dependencies": [
            "aws_vpc.vpc-tf"
          ]
        }
      ]
    },
    {
      "mode": "managed",
      "type": "aws_vpc",
      "name": "vpc-tf",
      "provider": "provider[\"registry.terraform.io/hashicorp/aws\"]",
      "instances": [
        {
          "schema_version": 1,
          "attributes": {
            "arn": "arn:aws:ec2:ap-south-1:391964367856:vpc/vpc-072e024cc70863722",
            "assign_generated_ipv6_cidr_block": false,
            "cidr_block": "10.0.0.0/16",
            "default_network_acl_id": "acl-0cc792286828f5523",
            "default_route_table_id": "rtb-0838e5ae6ba3963d3",
            "default_security_group_id": "sg-041dc1741bbad8783",
            "dhcp_options_id": "dopt-00444fd592bb94005",
            "enable_dns_hostnames": false,
            "enable_dns_support": true,
            "enable_network_address_usage_metrics": false,
            "id": "vpc-072e024cc70863722",
            "instance_tenancy": "default",
            "ipv4_ipam_pool_id": null,
            "ipv4_netmask_length": null,
            "ipv6_association_id": "",
            "ipv6_cidr_block": "",
            "ipv6_cidr_block_network_border_group": "",
            "ipv6_ipam_pool_id": "",
            "ipv6_netmask_length": 0,
            "main_route_table_id": "rtb-0838e5ae6ba3963d3",
            "owner_id": "391964367856",
            "tags": {
              "Name": "vpc-tf"
            },
            "tags_all": {
              "Name": "vpc-tf"
            }
          },
          "sensitive_attributes": [],
          "private": "eyJzY2hlbWFfdmVyc2lvbiI6IjEifQ=="
        }
      ]
    },
    {
      "mode": "managed",
      "type": "tls_private_key",
      "name": "my_key",
      "provider": "provider[\"registry.terraform.io/hashicorp/tls\"]",
      "instances": [
        {
          "schema_version": 1,
          "attributes": {
            "algorithm": "RSA",
            "ecdsa_curve": "P224",
            "id": "22b39b5984cd66c482361934ec99508d8119ed06",
            "private_key_openssh": "-----BEGIN OPENSSH PRIVATE KEY-----\nb3BlbnNzaC1rZXktdjEAAAAABG5vbmUAAAAEbm9uZQAAAAAAAAABAAABFwAAAAdz\nc2gtcnNhAAAAAwEAAQAAAQEAwAZ/59TeZOsFE4U3rYkE5y1el+khdGPBH7DGG21M\nZngGVjT1+3AqwfTVx9kAUQRFauOVikca7im6HdQ/sEYI6HOfBhNwryc6zsDWSOjJ\nDVfrMYtKPoKEVpmLfVhvO+Y0c9z1wbQypOhB8mvMCHMhomCjH3oyWTp5dbgKqr5D\nhRamhj//Lwgb0HsyPjNNjCxIGKFwX1hr0SjV4e6vw76G3Qs5tZJxmzuJdASypFQK\nrCn16nGASIbHM9dFc1wEOP9U0mnUsLFMAi3KKC0ee4vn0vNkR7I3NGAjvuPLTJjT\nQamWhNM/7B/xpgyduxOUmbFFvtZFx9DT67/N8zsG/zKaeQAAA7i/H9pnvx/aZwAA\nAAdzc2gtcnNhAAABAQDABn/n1N5k6wUThTetiQTnLV6X6SF0Y8EfsMYbbUxmeAZW\nNPX7cCrB9NXH2QBRBEVq45WKRxruKbod1D+wRgjoc58GE3CvJzrOwNZI6MkNV+sx\ni0o+goRWmYt9WG875jRz3PXBtDKk6EHya8wIcyGiYKMfejJZOnl1uAqqvkOFFqaG\nP/8vCBvQezI+M02MLEgYoXBfWGvRKNXh7q/DvobdCzm1knGbO4l0BLKkVAqsKfXq\ncYBIhscz10VzXAQ4/1TSadSwsUwCLcooLR57i+fS82RHsjc0YCO+48tMmNNBqZaE\n0z/sH/GmDJ27E5SZsUW+1kXH0NPrv83zOwb/Mpp5AAAAAwEAAQAAAQB8qruXk4ff\nFQXyqmZ/b5mTTM1A6sYhfjH/lRDI9ajITdwvU6rvVt8rlPzGBohCEPfQcXjAkXFW\ndhizDP1cP9vArm/rzes2i82ONXvpUdhVpWK4g6nr82hfoMgC1MtCpC4hmq6i146Z\nqYBHFt0cD0Mi3IKLCRZu/5ujZZznRSco22+cvBhKwCt+FJIGlb+Njv8RLV21LGuy\nare01ccaOqPht7at1ucrCnYs1rotPmByuWxONyIXmj1oZELwWGVAIIu3btudbG/h\nNsGoqjxLrWeFSZ5enFxNAIUhzwJKLfFs/1I7xkMXHRizDYBGRIHHfpdpNAXOmDjn\nxzUJZMCUO4BRAAAAgBN05OKfhzmWE0+HXPlNBFK7IlbRJuPg+/RJZU3SMbxmdYpd\nvKYmrkpxStcl7LomtP2vhLdlm28KiTncp7DQc3JuG8SSsyFhGxVWyCs9rkJq5FkG\n7tz6z07qVgJ/46IfhWTncRDmzkwoxmAlfyUeC1SlJXnJFQ5ZWMU6afVYMre3AAAA\ngQDVM3dW02fwNhZoQVHUPLik63/ZQf3qH9XP6aIhz4EVtc/+o3t0jvqnIl8zz21o\nH7YkztzKGZ0fSXDA8wZDtHeaYAF/fu3RO3oE+0GIbGbP8SR1OrHbFYrKz2x08Wrp\nnibUn3Z34lzxPaswrVZUpMxrSJ86icscxWIHApvmuv//+wAAAIEA5pLNusasMLc/\n5M2v1cFxAqYWynt3bgl3i02t+lPSyejy1cN6SFdz7DbzZ/G0qWzXXQ8kROI7xCeF\nOyRCRbNzLRPt6Paz+P9Q3KTrK9cbWdt+9iAFnOysRsA4z5L9OkTygTvIp/8r0HEB\n4mGhw94Thpb5OM8uj14CJj3LIfH14RsAAAAAAQID\n-----END OPENSSH PRIVATE KEY-----\n",
            "private_key_pem": "-----BEGIN RSA PRIVATE KEY-----\nMIIEowIBAAKCAQEAwAZ/59TeZOsFE4U3rYkE5y1el+khdGPBH7DGG21MZngGVjT1\n+3AqwfTVx9kAUQRFauOVikca7im6HdQ/sEYI6HOfBhNwryc6zsDWSOjJDVfrMYtK\nPoKEVpmLfVhvO+Y0c9z1wbQypOhB8mvMCHMhomCjH3oyWTp5dbgKqr5DhRamhj//\nLwgb0HsyPjNNjCxIGKFwX1hr0SjV4e6vw76G3Qs5tZJxmzuJdASypFQKrCn16nGA\nSIbHM9dFc1wEOP9U0mnUsLFMAi3KKC0ee4vn0vNkR7I3NGAjvuPLTJjTQamWhNM/\n7B/xpgyduxOUmbFFvtZFx9DT67/N8zsG/zKaeQIDAQABAoIBAHyqu5eTh98VBfKq\nZn9vmZNMzUDqxiF+Mf+VEMj1qMhN3C9Tqu9W3yuU/MYGiEIQ99BxeMCRcVZ2GLMM\n/Vw/28Cub+vN6zaLzY41e+lR2FWlYriDqevzaF+gyALUy0KkLiGarqLXjpmpgEcW\n3RwPQyLcgosJFm7/m6NlnOdFJyjbb5y8GErAK34UkgaVv42O/xEtXbUsa7Jqt7TV\nxxo6o+G3tq3W5ysKdizWui0+YHK5bE43IheaPWhkQvBYZUAgi7du251sb+E2waiq\nPEutZ4VJnl6cXE0AhSHPAkot8Wz/UjvGQxcdGLMNgEZEgcd+l2k0Bc6YOOfHNQlk\nwJQ7gFECgYEA1TN3VtNn8DYWaEFR1Dy4pOt/2UH96h/Vz+miIc+BFbXP/qN7dI76\npyJfM89taB+2JM7cyhmdH0lwwPMGQ7R3mmABf37t0Tt6BPtBiGxmz/EkdTqx2xWK\nys9sdPFq6Z4m1J92d+Jc8T2rMK1WVKTMa0ifOonLHMViBwKb5rr///sCgYEA5pLN\nusasMLc/5M2v1cFxAqYWynt3bgl3i02t+lPSyejy1cN6SFdz7DbzZ/G0qWzXXQ8k\nROI7xCeFOyRCRbNzLRPt6Paz+P9Q3KTrK9cbWdt+9iAFnOysRsA4z5L9OkTygTvI\np/8r0HEB4mGhw94Thpb5OM8uj14CJj3LIfH14RsCgYEAoB6bDjaP5TR596q3DjLc\naeAEkOKjFGb8ab4J6mKxi+CUaaXWXl/TmBqUbZDnlj/ayCIkaBR8kLbTW9Ypakfr\nW6Gm/l4RtgZ5Sax6Nz9Sp/FvdCu0z9mJ9295AQsfRH1mpGFu0/LJ4tRx8Yj9QWzT\nqe9MxuYeCWmkiadH9y2SfmkCgYBwodnZmV9X1Mxjao6wbnRUBOoxMyreF8XLyMBp\n/jSD6UVmYr0DRaUdCKLSbeIAuWhizxi6hYEIiv2sLEQrZEOpC4k2Of0kbyQDBJTU\nr5luxag5dt8HDx4A2blmvLjyk+eadafJWP8ALZPsECFDWuJS5sELnTlzU0rdf2YR\nSO8BbQKBgBN05OKfhzmWE0+HXPlNBFK7IlbRJuPg+/RJZU3SMbxmdYpdvKYmrkpx\nStcl7LomtP2vhLdlm28KiTncp7DQc3JuG8SSsyFhGxVWyCs9rkJq5FkG7tz6z07q\nVgJ/46IfhWTncRDmzkwoxmAlfyUeC1SlJXnJFQ5ZWMU6afVYMre3\n-----END RSA PRIVATE KEY-----\n",
            "private_key_pem_pkcs8": "-----BEGIN PRIVATE KEY-----\nMIIEvQIBADANBgkqhkiG9w0BAQEFAASCBKcwggSjAgEAAoIBAQDABn/n1N5k6wUT\nhTetiQTnLV6X6SF0Y8EfsMYbbUxmeAZWNPX7cCrB9NXH2QBRBEVq45WKRxruKbod\n1D+wRgjoc58GE3CvJzrOwNZI6MkNV+sxi0o+goRWmYt9WG875jRz3PXBtDKk6EHy\na8wIcyGiYKMfejJZOnl1uAqqvkOFFqaGP/8vCBvQezI+M02MLEgYoXBfWGvRKNXh\n7q/DvobdCzm1knGbO4l0BLKkVAqsKfXqcYBIhscz10VzXAQ4/1TSadSwsUwCLcoo\nLR57i+fS82RHsjc0YCO+48tMmNNBqZaE0z/sH/GmDJ27E5SZsUW+1kXH0NPrv83z\nOwb/Mpp5AgMBAAECggEAfKq7l5OH3xUF8qpmf2+Zk0zNQOrGIX4x/5UQyPWoyE3c\nL1Oq71bfK5T8xgaIQhD30HF4wJFxVnYYswz9XD/bwK5v683rNovNjjV76VHYVaVi\nuIOp6/NoX6DIAtTLQqQuIZquoteOmamARxbdHA9DItyCiwkWbv+bo2Wc50UnKNtv\nnLwYSsArfhSSBpW/jY7/ES1dtSxrsmq3tNXHGjqj4be2rdbnKwp2LNa6LT5gcrls\nTjciF5o9aGRC8FhlQCCLt27bnWxv4TbBqKo8S61nhUmeXpxcTQCFIc8CSi3xbP9S\nO8ZDFx0Ysw2ARkSBx36XaTQFzpg458c1CWTAlDuAUQKBgQDVM3dW02fwNhZoQVHU\nPLik63/ZQf3qH9XP6aIhz4EVtc/+o3t0jvqnIl8zz21oH7YkztzKGZ0fSXDA8wZD\ntHeaYAF/fu3RO3oE+0GIbGbP8SR1OrHbFYrKz2x08WrpnibUn3Z34lzxPaswrVZU\npMxrSJ86icscxWIHApvmuv//+wKBgQDmks26xqwwtz/kza/VwXECphbKe3duCXeL\nTa36U9LJ6PLVw3pIV3PsNvNn8bSpbNddDyRE4jvEJ4U7JEJFs3MtE+3o9rP4/1Dc\npOsr1xtZ2372IAWc7KxGwDjPkv06RPKBO8in/yvQcQHiYaHD3hOGlvk4zy6PXgIm\nPcsh8fXhGwKBgQCgHpsONo/lNHn3qrcOMtxp4ASQ4qMUZvxpvgnqYrGL4JRppdZe\nX9OYGpRtkOeWP9rIIiRoFHyQttNb1ilqR+tboab+XhG2BnlJrHo3P1Kn8W90K7TP\n2Yn3b3kBCx9EfWakYW7T8sni1HHxiP1BbNOp70zG5h4JaaSJp0f3LZJ+aQKBgHCh\n2dmZX1fUzGNqjrBudFQE6jEzKt4XxcvIwGn+NIPpRWZivQNFpR0IotJt4gC5aGLP\nGLqFgQiK/awsRCtkQ6kLiTY5/SRvJAMElNSvmW7FqDl23wcPHgDZuWa8uPKT55p1\np8lY/wAtk+wQIUNa4lLmwQudOXNTSt1/ZhFI7wFtAoGAE3Tk4p+HOZYTT4dc+U0E\nUrsiVtEm4+D79EllTdIxvGZ1il28piauSnFK1yXsuia0/a+Et2WbbwqJOdynsNBz\ncm4bxJKzIWEbFVbIKz2uQmrkWQbu3PrPTupWAn/joh+FZOdxEObOTCjGYCV/JR4L\nVKUleckVDllYxTpp9Vgyt7c=\n-----END PRIVATE KEY-----\n",
            "public_key_fingerprint_md5": "d8:56:2e:47:07:6c:02:9a:9f:74:a7:57:cb:40:f8:c8",
            "public_key_fingerprint_sha256": "SHA256:ofzB7hxhzIRnkd5wz5SMvDcEePQtK1ZvK2CcBLLp95U",
            "public_key_openssh": "ssh-rsa AAAAB3NzaC1yc2EAAAADAQABAAABAQDABn/n1N5k6wUThTetiQTnLV6X6SF0Y8EfsMYbbUxmeAZWNPX7cCrB9NXH2QBRBEVq45WKRxruKbod1D+wRgjoc58GE3CvJzrOwNZI6MkNV+sxi0o+goRWmYt9WG875jRz3PXBtDKk6EHya8wIcyGiYKMfejJZOnl1uAqqvkOFFqaGP/8vCBvQezI+M02MLEgYoXBfWGvRKNXh7q/DvobdCzm1knGbO4l0BLKkVAqsKfXqcYBIhscz10VzXAQ4/1TSadSwsUwCLcooLR57i+fS82RHsjc0YCO+48tMmNNBqZaE0z/sH/GmDJ27E5SZsUW+1kXH0NPrv83zOwb/Mpp5\n",
            "public_key_pem": "-----BEGIN PUBLIC KEY-----\nMIIBIjANBgkqhkiG9w0BAQEFAAOCAQ8AMIIBCgKCAQEAwAZ/59TeZOsFE4U3rYkE\n5y1el+khdGPBH7DGG21MZngGVjT1+3AqwfTVx9kAUQRFauOVikca7im6HdQ/sEYI\n6HOfBhNwryc6zsDWSOjJDVfrMYtKPoKEVpmLfVhvO+Y0c9z1wbQypOhB8mvMCHMh\nomCjH3oyWTp5dbgKqr5DhRamhj//Lwgb0HsyPjNNjCxIGKFwX1hr0SjV4e6vw76G\n3Qs5tZJxmzuJdASypFQKrCn16nGASIbHM9dFc1wEOP9U0mnUsLFMAi3KKC0ee4vn\n0vNkR7I3NGAjvuPLTJjTQamWhNM/7B/xpgyduxOUmbFFvtZFx9DT67/N8zsG/zKa\neQIDAQAB\n-----END PUBLIC KEY-----\n",
            "rsa_bits": 2048
          },
          "sensitive_attributes": []
        }
      ]
    }
  ],
  "check_results": null
}
